
Microsoft Visual Studio Solution File, Format Version 11.00
# Visual Studio 2010
Project("{FAE04EC0-301F-11D3-BF4B-00C04F79EFBC}") = "some_simple_platformer", "Assembly-CSharp-firstpass.csproj", "{A6630563-5DC8-493D-AF42-67D4ACF02554}"
EndProject
Project("{FAE04EC0-301F-11D3-BF4B-00C04F79EFBC}") = "some_simple_platformer", "Assembly-CSharp.csproj", "{CFCCB917-3237-EFEA-7232-5DADF52B88DD}"
EndProject
Global
	GlobalSection(SolutionConfigurationPlatforms) = preSolution
		Debug|Any CPU = Debug|Any CPU
		Release|Any CPU = Release|Any CPU
	EndGlobalSection
	GlobalSection(ProjectConfigurationPlatforms) = postSolution
		{A6630563-5DC8-493D-AF42-67D4ACF02554}.Debug|Any CPU.ActiveCfg = Debug|Any CPU
		{A6630563-5DC8-493D-AF42-67D4ACF02554}.Debug|Any CPU.Build.0 = Debug|Any CPU
		{A6630563-5DC8-493D-AF42-67D4ACF02554}.Release|Any CPU.ActiveCfg = Release|Any CPU
		{A6630563-5DC8-493D-AF42-67D4ACF02554}.Release|Any CPU.Build.0 = Release|Any CPU
		{CFCCB917-3237-EFEA-7232-5DADF52B88DD}.Debug|Any CPU.ActiveCfg = Debug|Any CPU
		{CFCCB917-3237-EFEA-7232-5DADF52B88DD}.Debug|Any CPU.Build.0 = Debug|Any CPU
		{CFCCB917-3237-EFEA-7232-5DADF52B88DD}.Release|Any CPU.ActiveCfg = Release|Any CPU
		{CFCCB917-3237-EFEA-7232-5DADF52B88DD}.Release|Any CPU.Build.0 = Release|Any CPU
	EndGlobalSection
	GlobalSection(SolutionProperties) = preSolution
		HideSolutionNode = FALSE
	EndGlobalSection
	GlobalSection(MonoDevelopProperties) = preSolution
		StartupItem = Assembly-CSharp.csproj
	EndGlobalSection
EndGlobal
